<?xml version="1.0" encoding="utf-8"?>
<Project ToolsVersion="4.0" xmlns="http://schemas.microsoft.com/developer/msbuild/2003">
  <ItemGroup>
    <Filter Include="源文件">
      <UniqueIdentifier>{4FC737F1-C7A5-4376-A066-2A32D752A2FF}</UniqueIdentifier>
      <Extensions>cpp;c;cc;cxx;def;odl;idl;hpj;bat;asm;asmx</Extensions>
    </Filter>
    <Filter Include="头文件">
      <UniqueIdentifier>{93995380-89BD-4b04-88EB-625FBE52EBFB}</UniqueIdentifier>
      <Extensions>h;hpp;hxx;hm;inl;inc;xsd</Extensions>
    </Filter>
    <Filter Include="资源文件">
      <UniqueIdentifier>{67DA6AB6-F800-4c08-8B7A-83BB121AAD01}</UniqueIdentifier>
      <Extensions>rc;ico;cur;bmp;dlg;rc2;rct;bin;rgs;gif;jpg;jpeg;jpe;resx;tiff;tif;png;wav;mfcribbon-ms</Extensions>
    </Filter>
    <Filter Include="AES">
      <UniqueIdentifier>{32ccbfcf-8872-4fcf-a180-0057834fe1d2}</UniqueIdentifier>
    </Filter>
    <Filter Include="NewFilter1">
      <UniqueIdentifier>{5e78a1d3-044a-47fa-81e1-22a7dac835cc}</UniqueIdentifier>
    </Filter>
  </ItemGroup>
  <ItemGroup>
    <Text Include="ReadMe.txt" />
  </ItemGroup>
  <ItemGroup>
    <ClInclude Include="MyQQClient.h">
      <Filter>头文件</Filter>
    </ClInclude>
    <ClInclude Include="MyQQClientDlg.h">
      <Filter>头文件</Filter>
    </ClInclude>
    <ClInclude Include="stdafx.h">
      <Filter>头文件</Filter>
    </ClInclude>
    <ClInclude Include="targetver.h">
      <Filter>头文件</Filter>
    </ClInclude>
    <ClInclude Include="Resource.h">
      <Filter>头文件</Filter>
    </ClInclude>
    <ClInclude Include="TCPClient.h">
      <Filter>头文件</Filter>
    </ClInclude>
    <ClInclude Include="INet.h">
      <Filter>头文件</Filter>
    </ClInclude>
    <ClInclude Include="Packdef.h">
      <Filter>头文件</Filter>
    </ClInclude>
    <ClInclude Include="IMediator.h">
      <Filter>头文件</Filter>
    </ClInclude>
    <ClInclude Include="TCPMediator.h">
      <Filter>头文件</Filter>
    </ClInclude>
    <ClInclude Include="MyFriend.h">
      <Filter>头文件</Filter>
    </ClInclude>
    <ClInclude Include="MyDlgChat.h">
      <Filter>头文件</Filter>
    </ClInclude>
    <ClInclude Include="..\..\Res.h">
      <Filter>头文件</Filter>
    </ClInclude>
    <ClInclude Include="CgHeadDlg.h">
      <Filter>头文件</Filter>
    </ClInclude>
    <ClInclude Include="SendMsg.h">
      <Filter>头文件</Filter>
    </ClInclude>
    <ClInclude Include="VideoDlg.h">
      <Filter>头文件</Filter>
    </ClInclude>
    <ClInclude Include="..\AES\MyAes.h">
      <Filter>AES</Filter>
    </ClInclude>
    <ClInclude Include="..\FFMPEG\AudioEncode.h">
      <Filter>NewFilter1</Filter>
    </ClInclude>
    <ClInclude Include="..\FFMPEG\CollectAudio.h">
      <Filter>NewFilter1</Filter>
    </ClInclude>
    <ClInclude Include="..\FFMPEG\CollectCamera.h">
      <Filter>NewFilter1</Filter>
    </ClInclude>
    <ClInclude Include="..\FFMPEG\MyCollectDesktop.h">
      <Filter>NewFilter1</Filter>
    </ClInclude>
    <ClInclude Include="..\FFMPEG\MyEncode.h">
      <Filter>NewFilter1</Filter>
    </ClInclude>
    <ClInclude Include="..\FFMPEG\Myffmpeg.h">
      <Filter>NewFilter1</Filter>
    </ClInclude>
    <ClInclude Include="ChatFriendDlg.h">
      <Filter>头文件</Filter>
    </ClInclude>
  </ItemGroup>
  <ItemGroup>
    <ClCompile Include="MyQQClient.cpp">
      <Filter>源文件</Filter>
    </ClCompile>
    <ClCompile Include="MyQQClientDlg.cpp">
      <Filter>源文件</Filter>
    </ClCompile>
    <ClCompile Include="stdafx.cpp">
      <Filter>源文件</Filter>
    </ClCompile>
    <ClCompile Include="TCPClient.cpp">
      <Filter>源文件</Filter>
    </ClCompile>
    <ClCompile Include="TCPMediator.cpp">
      <Filter>源文件</Filter>
    </ClCompile>
    <ClCompile Include="MyFriend.cpp">
      <Filter>源文件</Filter>
    </ClCompile>
    <ClCompile Include="MyDlgChat.cpp">
      <Filter>源文件</Filter>
    </ClCompile>
    <ClCompile Include="CgHeadDlg.cpp">
      <Filter>源文件</Filter>
    </ClCompile>
    <ClCompile Include="VideoDlg.cpp">
      <Filter>源文件</Filter>
    </ClCompile>
    <ClCompile Include="..\AES\MyAes.cpp">
      <Filter>AES</Filter>
    </ClCompile>
    <ClCompile Include="..\FFMPEG\AudioEncode.cpp">
      <Filter>NewFilter1</Filter>
    </ClCompile>
    <ClCompile Include="..\FFMPEG\CollectAudio.cpp">
      <Filter>NewFilter1</Filter>
    </ClCompile>
    <ClCompile Include="..\FFMPEG\CollectCamera.cpp">
      <Filter>NewFilter1</Filter>
    </ClCompile>
    <ClCompile Include="..\FFMPEG\MyCollectDesktop.cpp">
      <Filter>NewFilter1</Filter>
    </ClCompile>
    <ClCompile Include="..\FFMPEG\MyEncode.cpp">
      <Filter>NewFilter1</Filter>
    </ClCompile>
    <ClCompile Include="..\FFMPEG\Myffmpeg.cpp">
      <Filter>NewFilter1</Filter>
    </ClCompile>
    <ClCompile Include="ChatFriendDlg.cpp">
      <Filter>源文件</Filter>
    </ClCompile>
  </ItemGroup>
  <ItemGroup>
    <ResourceCompile Include="MyQQClient.rc">
      <Filter>资源文件</Filter>
    </ResourceCompile>
  </ItemGroup>
  <ItemGroup>
    <None Include="res\MyQQClient.rc2">
      <Filter>资源文件</Filter>
    </None>
  </ItemGroup>
  <ItemGroup>
    <Image Include="res\MyQQClient.ico">
      <Filter>资源文件</Filter>
    </Image>
    <Image Include="res\bitmap1.bmp">
      <Filter>资源文件</Filter>
    </Image>
    <Image Include="res\icon1.ico">
      <Filter>资源文件</Filter>
    </Image>
    <Image Include="res\QQ - 副本.bmp">
      <Filter>资源文件</Filter>
    </Image>
    <Image Include="res\HEAD.bmp">
      <Filter>资源文件</Filter>
    </Image>
    <Image Include="res\HEAD1.bmp">
      <Filter>资源文件</Filter>
    </Image>
    <Image Include="res\HEAD2.bmp">
      <Filter>资源文件</Filter>
    </Image>
    <Image Include="res\HEAD3.bmp">
      <Filter>资源文件</Filter>
    </Image>
    <Image Include="res\HEAD4.bmp">
      <Filter>资源文件</Filter>
    </Image>
    <Image Include="res\HEAD5.bmp">
      <Filter>资源文件</Filter>
    </Image>
    <Image Include="res\HEAD6.bmp">
      <Filter>资源文件</Filter>
    </Image>
    <Image Include="res\HEAD1 (2).bmp">
      <Filter>资源文件</Filter>
    </Image>
    <Image Include="res\HEAD2 (2).bmp">
      <Filter>资源文件</Filter>
    </Image>
    <Image Include="res\HEAD3 (2).bmp">
      <Filter>资源文件</Filter>
    </Image>
    <Image Include="res\HEAD4 (2).bmp">
      <Filter>资源文件</Filter>
    </Image>
    <Image Include="res\HEAD5 (2).bmp">
      <Filter>资源文件</Filter>
    </Image>
    <Image Include="res\HEAD6 (2).bmp">
      <Filter>资源文件</Filter>
    </Image>
    <Image Include="res\about.bmp">
      <Filter>资源文件</Filter>
    </Image>
    <Image Include="res\CloseBtn.bmp">
      <Filter>资源文件</Filter>
    </Image>
    <Image Include="res\MinBtn.bmp">
      <Filter>资源文件</Filter>
    </Image>
    <Image Include="res\bk.bmp">
      <Filter>资源文件</Filter>
    </Image>
    <Image Include="res\bk2.bmp">
      <Filter>资源文件</Filter>
    </Image>
  </ItemGroup>
</Project>